{
  "name": "SnakeTest",
  "lockfileVersion": 2,
  "requires": true,
  "packages": {
    "": {
      "dependencies": {
        "typescript-cookie": "^1.0.6"
      },
      "devDependencies": {
        "typescript": "^5.4.5"
      }
    },
    "node_modules/typescript": {
      "version": "5.4.5",
      "resolved": "https://nexusrepo-p.ad.raiffeisen.it/nexus/content/groups/npm-repository-group/typescript/-/typescript-5.4.5.tgz",
      "integrity": "sha512-vcI4UpRgg81oIRUFwR0WSIHKt11nJ7SAVlYNIu+QpqeyXP+gpQJy/Z4+F0aGxSE4MqwjyXvW/TzgkLAx2AGHwQ==",
      "dev": true,
      "license": "Apache-2.0",
      "bin": {
        "tsc": "bin/tsc",
        "tsserver": "bin/tsserver"
      },
      "engines": {
        "node": ">=14.17"
      }
    },
    "node_modules/typescript-cookie": {
      "version": "1.0.6",
      "resolved": "https://nexusrepo-p.ad.raiffeisen.it/nexus/content/groups/npm-repository-group/typescript-cookie/-/typescript-cookie-1.0.6.tgz",
      "integrity": "sha512-s+BZr7/9BUG6Kg7jGGcOY/4XJcP+iZRFdF3q4FPTfRSP83ivLWF94OcH8PrzGmnS8Ab9qP7ENu/ikLwNFsIafA==",
      "license": "MIT",
      "engines": {
        "node": ">=14"
      }
    }
  },
  "dependencies": {
    "typescript": {
      "version": "5.4.5",
      "resolved": "https://nexusrepo-p.ad.raiffeisen.it/nexus/content/groups/npm-repository-group/typescript/-/typescript-5.4.5.tgz",
      "integrity": "sha512-vcI4UpRgg81oIRUFwR0WSIHKt11nJ7SAVlYNIu+QpqeyXP+gpQJy/Z4+F0aGxSE4MqwjyXvW/TzgkLAx2AGHwQ==",
      "dev": true
    },
    "typescript-cookie": {
      "version": "1.0.6",
      "resolved": "https://nexusrepo-p.ad.raiffeisen.it/nexus/content/groups/npm-repository-group/typescript-cookie/-/typescript-cookie-1.0.6.tgz",
      "integrity": "sha512-s+BZr7/9BUG6Kg7jGGcOY/4XJcP+iZRFdF3q4FPTfRSP83ivLWF94OcH8PrzGmnS8Ab9qP7ENu/ikLwNFsIafA=="
    }
  }
}
